
Microsoft Visual Studio Solution File, Format Version 12.00
# Visual Studio 15
VisualStudioVersion = 15.0.28307.271
MinimumVisualStudioVersion = 10.0.40219.1
Project("{FAE04EC0-301F-11D3-BF4B-00C04F79EFBC}") = "Permutation", "Permutation\Permutation.csproj", "{661E596F-A703-46C7-A2E5-3FBDD8766D5F}"
EndProject
Global
	GlobalSection(SolutionConfigurationPlatforms) = preSolution
		Debug|Any CPU = Debug|Any CPU
		Release|Any CPU = Release|Any CPU
	EndGlobalSection
	GlobalSection(ProjectConfigurationPlatforms) = postSolution
		{661E596F-A703-46C7-A2E5-3FBDD8766D5F}.Debug|Any CPU.ActiveCfg = Debug|Any CPU
		{661E596F-A703-46C7-A2E5-3FBDD8766D5F}.Debug|Any CPU.Build.0 = Debug|Any CPU
		{661E596F-A703-46C7-A2E5-3FBDD8766D5F}.Release|Any CPU.ActiveCfg = Release|Any CPU
		{661E596F-A703-46C7-A2E5-3FBDD8766D5F}.Release|Any CPU.Build.0 = Release|Any CPU
	EndGlobalSection
	GlobalSection(SolutionProperties) = preSolution
		HideSolutionNode = FALSE
	EndGlobalSection
	GlobalSection(ExtensibilityGlobals) = postSolution
		SolutionGuid = {FCBA5322-9954-4FAA-8867-FB8C3B8D6F01}
	EndGlobalSection
EndGlobal
